// !$*UTF8*$!
{
	archiveVersion = 1;
	classes = {
	};
	objectVersion = 50;
	objects = {

/* Begin PBXBuildFile section */
		5052BEC02584D134009CACCD /* AppDelegate.swift in Sources */ = {isa = PBXBuildFile; fileRef = 5052BEBF2584D134009CACCD /* AppDelegate.swift */; };
		5052BEC22584D134009CACCD /* SceneDelegate.swift in Sources */ = {isa = PBXBuildFile; fileRef = 5052BEC12584D134009CACCD /* SceneDelegate.swift */; };
		5052BEC42584D134009CACCD /* ViewController.swift in Sources */ = {isa = PBXBuildFile; fileRef = 5052BEC32584D134009CACCD /* ViewController.swift */; };
		5052BEC72584D134009CACCD /* Main.storyboard in Resources */ = {isa = PBXBuildFile; fileRef = 5052BEC52584D134009CACCD /* Main.storyboard */; };
		5052BEC92584D134009CACCD /* Assets.xcassets in Resources */ = {isa = PBXBuildFile; fileRef = 5052BEC82584D134009CACCD /* Assets.xcassets */; };
		5052BECC2584D134009CACCD /* LaunchScreen.storyboard in Resources */ = {isa = PBXBuildFile; fileRef = 5052BECA2584D134009CACCD /* LaunchScreen.storyboard */; };
		5052BED72584D135009CACCD /* CatchTheKennyTests.swift in Sources */ = {isa = PBXBuildFile; fileRef = 5052BED62584D135009CACCD /* CatchTheKennyTests.swift */; };
		5052BEE22584D135009CACCD /* CatchTheKennyUITests.swift in Sources */ = {isa = PBXBuildFile; fileRef = 5052BEE12584D135009CACCD /* CatchTheKennyUITests.swift */; };
/* End PBXBuildFile section */

/* Begin PBXContainerItemProxy section */
		5052BED32584D135009CACCD /* PBXContainerItemProxy */ = {
			isa = PBXContainerItemProxy;
			containerPortal = 5052BEB42584D133009CACCD /* Project object */;
			proxyType = 1;
			remoteGlobalIDString = 5052BEBB2584D133009CACCD;
			remoteInfo = CatchTheKenny;
		};
		5052BEDE2584D135009CACCD /* PBXContainerItemProxy */ = {
			isa = PBXContainerItemProxy;
			containerPortal = 5052BEB42584D133009CACCD /* Project object */;
			proxyType = 1;
			remoteGlobalIDString = 5052BEBB2584D133009CACCD;
			remoteInfo = CatchTheKenny;
		};
/* End PBXContainerItemProxy section */

/* Begin PBXFileReference section */
		5052BEBC2584D134009CACCD /* CatchTheKenny.app */ = {isa = PBXFileReference; explicitFileType = wrapper.application; includeInIndex = 0; path = CatchTheKenny.app; sourceTree = BUILT_PRODUCTS_DIR; };
		5052BEBF2584D134009CACCD /* AppDelegate.swift */ = {isa = PBXFileReference; lastKnownFileType = sourcecode.swift; path = AppDelegate.swift; sourceTree = "<group>"; };
		5052BEC12584D134009CACCD /* SceneDelegate.swift */ = {isa = PBXFileReference; lastKnownFileType = sourcecode.swift; path = SceneDelegate.swift; sourceTree = "<group>"; };
		5052BEC32584D134009CACCD /* ViewController.swift */ = {isa = PBXFileReference; lastKnownFileType = sourcecode.swift; path = ViewController.swift; sourceTree = "<group>"; };
		5052BEC62584D134009CACCD /* Base */ = {isa = PBXFileReference; lastKnownFileType = file.storyboard; name = Base; path = Base.lproj/Main.storyboard; sourceTree = "<group>"; };
		5052BEC82584D134009CACCD /* Assets.xcassets */ = {isa = PBXFileReference; lastKnownFileType = folder.assetcatalog; path = Assets.xcassets; sourceTree = "<group>"; };
		5052BECB2584D134009CACCD /* Base */ = {isa = PBXFileReference; lastKnownFileType = file.storyboard; name = Base; path = Base.lproj/LaunchScreen.storyboard; sourceTree = "<group>"; };
		5052BECD2584D134009CACCD /* Info.plist */ = {isa = PBXFileReference; lastKnownFileType = text.plist.xml; path = Info.plist; sourceTree = "<group>"; };
		5052BED22584D135009CACCD /* CatchTheKennyTests.xctest */ = {isa = PBXFileReference; explicitFileType = wrapper.cfbundle; includeInIndex = 0; path = CatchTheKennyTests.xctest; sourceTree = BUILT_PRODUCTS_DIR; };
		5052BED62584D135009CACCD /* CatchTheKennyTests.swift */ = {isa = PBXFileReference; lastKnownFileType = sourcecode.swift; path = CatchTheKennyTests.swift; sourceTree = "<group>"; };
		5052BED82584D135009CACCD /* Info.plist */ = {isa = PBXFileReference; lastKnownFileType = text.plist.xml; path = Info.plist; sourceTree = "<group>"; };
		5052BEDD2584D135009CACCD /* CatchTheKennyUITests.xctest */ = {isa = PBXFileReference; explicitFileType = wrapper.cfbundle; includeInIndex = 0; path = CatchTheKennyUITests.xctest; sourceTree = BUILT_PRODUCTS_DIR; };
		5052BEE12584D135009CACCD /* CatchTheKennyUITests.swift */ = {isa = PBXFileReference; lastKnownFileType = sourcecode.swift; path = CatchTheKennyUITests.swift; sourceTree = "<group>"; };
		5052BEE32584D135009CACCD /* Info.plist */ = {isa = PBXFileReference; lastKnownFileType = text.plist.xml; path = Info.plist; sourceTree = "<group>"; };
/* End PBXFileReference section */

/* Begin PBXFrameworksBuildPhase section */
		5052BEB92584D133009CACCD /* Frameworks */ = {
			isa = PBXFrameworksBuildPhase;
			buildActionMask = 2147483647;
			files = (
			);
			runOnlyForDeploymentPostprocessing = 0;
		};
		5052BECF2584D135009CACCD /* Frameworks */ = {
			isa = PBXFrameworksBuildPhase;
			buildActionMask = 2147483647;
			files = (
			);
			runOnlyForDeploymentPostprocessing = 0;
		};
		5052BEDA2584D135009CACCD /* Frameworks */ = {
			isa = PBXFrameworksBuildPhase;
			buildActionMask = 2147483647;
			files = (
			);
			runOnlyForDeploymentPostprocessing = 0;
		};
/* End PBXFrameworksBuildPhase section */

/* Begin PBXGroup section */
		5052BEB32584D133009CACCD = {
			isa = PBXGroup;
			children = (
				5052BEBE2584D134009CACCD /* CatchTheKenny */,
				5052BED52584D135009CACCD /* CatchTheKennyTests */,
				5052BEE02584D135009CACCD /* CatchTheKennyUITests */,
				5052BEBD2584D134009CACCD /* Products */,
			);
			sourceTree = "<group>";
		};
		5052BEBD2584D134009CACCD /* Products */ = {
			isa = PBXGroup;
			children = (
				5052BEBC2584D134009CACCD /* CatchTheKenny.app */,
				5052BED22584D135009CACCD /* CatchTheKennyTests.xctest */,
				5052BEDD2584D135009CACCD /* CatchTheKennyUITests.xctest */,
			);
			name = Products;
			sourceTree = "<group>";
		};
		5052BEBE2584D134009CACCD /* CatchTheKenny */ = {
			isa = PBXGroup;
			children = (
				5052BEBF2584D134009CACCD /* AppDelegate.swift */,
				5052BEC12584D134009CACCD /* SceneDelegate.swift */,
				5052BEC32584D134009CACCD /* ViewController.swift */,
				5052BEC52584D134009CACCD /* Main.storyboard */,
				5052BEC82584D134009CACCD /* Assets.xcassets */,
				5052BECA2584D134009CACCD /* LaunchScreen.storyboard */,
				5052BECD2584D134009CACCD /* Info.plist */,
			);
			path = CatchTheKenny;
			sourceTree = "<group>";
		};
		5052BED52584D135009CACCD /* CatchTheKennyTests */ = {
			isa = PBXGroup;
			children = (
				5052BED62584D135009CACCD /* CatchTheKennyTests.swift */,
				5052BED82584D135009CACCD /* Info.plist */,
			);
			path = CatchTheKennyTests;
			sourceTree = "<group>";
		};
		5052BEE02584D135009CACCD /* CatchTheKennyUITests */ = {
			isa = PBXGroup;
			children = (
				5052BEE12584D135009CACCD /* CatchTheKennyUITests.swift */,
				5052BEE32584D135009CACCD /* Info.plist */,
			);
			path = CatchTheKennyUITests;
			sourceTree = "<group>";
		};
/* End PBXGroup section */

/* Begin PBXNativeTarget section */
		5052BEBB2584D133009CACCD /* CatchTheKenny */ = {
			isa = PBXNativeTarget;
			buildConfigurationList = 5052BEE62584D135009CACCD /* Build configuration list for PBXNativeTarget "CatchTheKenny" */;
			buildPhases = (
				5052BEB82584D133009CACCD /* Sources */,
				5052BEB92584D133009CACCD /* Frameworks */,
				5052BEBA2584D133009CACCD /* Resources */,
			);
			buildRules = (
			);
			dependencies = (
			);
			name = CatchTheKenny;
			productName = CatchTheKenny;
			productReference = 5052BEBC2584D134009CACCD /* CatchTheKenny.app */;
			productType = "com.apple.product-type.application";
		};
		5052BED12584D135009CACCD /* CatchTheKennyTests */ = {
			isa = PBXNativeTarget;
			buildConfigurationList = 5052BEE92584D135009CACCD /* Build configuration list for PBXNativeTarget "CatchTheKennyTests" */;
			buildPhases = (
				5052BECE2584D135009CACCD /* Sources */,
				5052BECF2584D135009CACCD /* Frameworks */,
				5052BED02584D135009CACCD /* Resources */,
			);
			buildRules = (
			);
			dependencies = (
				5052BED42584D135009CACCD /* PBXTargetDependency */,
			);
			name = CatchTheKennyTests;
			productName = CatchTheKennyTests;
			productReference = 5052BED22584D135009CACCD /* CatchTheKennyTests.xctest */;
			productType = "com.apple.product-type.bundle.unit-test";
		};
		5052BEDC2584D135009CACCD /* CatchTheKennyUITests */ = {
			isa = PBXNativeTarget;
			buildConfigurationList = 5052BEEC2584D135009CACCD /* Build configuration list for PBXNativeTarget "CatchTheKennyUITests" */;
			buildPhases = (
				5052BED92584D135009CACCD /* Sources */,
				5052BEDA2584D135009CACCD /* Frameworks */,
				5052BEDB2584D135009CACCD /* Resources */,
			);
			buildRules = (
			);
			dependencies = (
				5052BEDF2584D135009CACCD /* PBXTargetDependency */,
			);
			name = CatchTheKennyUITests;
			productName = CatchTheKennyUITests;
			productReference = 5052BEDD2584D135009CACCD /* CatchTheKennyUITests.xctest */;
			productType = "com.apple.product-type.bundle.ui-testing";
		};
/* End PBXNativeTarget section */

/* Begin PBXProject section */
		5052BEB42584D133009CACCD /* Project object */ = {
			isa = PBXProject;
			attributes = {
				LastSwiftUpdateCheck = 1220;
				LastUpgradeCheck = 1220;
				TargetAttributes = {
					5052BEBB2584D133009CACCD = {
						CreatedOnToolsVersion = 12.2;
					};
					5052BED12584D135009CACCD = {
						CreatedOnToolsVersion = 12.2;
						TestTargetID = 5052BEBB2584D133009CACCD;
					};
					5052BEDC2584D135009CACCD = {
						CreatedOnToolsVersion = 12.2;
						TestTargetID = 5052BEBB2584D133009CACCD;
					};
				};
			};
			buildConfigurationList = 5052BEB72584D133009CACCD /* Build configuration list for PBXProject "CatchTheKenny" */;
			compatibilityVersion = "Xcode 9.3";
			developmentRegion = en;
			hasScannedForEncodings = 0;
			knownRegions = (
				en,
				Base,
			);
			mainGroup = 5052BEB32584D133009CACCD;
			productRefGroup = 5052BEBD2584D134009CACCD /* Products */;
			projectDirPath = "";
			projectRoot = "";
			targets = (
				5052BEBB2584D133009CACCD /* CatchTheKenny */,
				5052BED12584D135009CACCD /* CatchTheKennyTests */,
				5052BEDC2584D135009CACCD /* CatchTheKennyUITests */,
			);
		};
/* End PBXProject section */

/* Begin PBXResourcesBuildPhase section */
		5052BEBA2584D133009CACCD /* Resources */ = {
			isa = PBXResourcesBuildPhase;
			buildActionMask = 2147483647;
			files = (
				5052BECC2584D134009CACCD /* LaunchScreen.storyboard in Resources */,
				5052BEC92584D134009CACCD /* Assets.xcassets in Resources */,
				5052BEC72584D134009CACCD /* Main.storyboard in Resources */,
			);
			runOnlyForDeploymentPostprocessing = 0;
		};
		5052BED02584D135009CACCD /* Resources */ = {
			isa = PBXResourcesBuildPhase;
			buildActionMask = 2147483647;
			files = (
			);
			runOnlyForDeploymentPostprocessing = 0;
		};
		5052BEDB2584D135009CACCD /* Resources */ = {
			isa = PBXResourcesBuildPhase;
			buildActionMask = 2147483647;
			files = (
			);
			runOnlyForDeploymentPostprocessing = 0;
		};
/* End PBXResourcesBuildPhase section */

/* Begin PBXSourcesBuildPhase section */
		5052BEB82584D133009CACCD /* Sources */ = {
			isa = PBXSourcesBuildPhase;
			buildActionMask = 2147483647;
			files = (
				5052BEC42584D134009CACCD /* ViewController.swift in Sources */,
				5052BEC02584D134009CACCD /* AppDelegate.swift in Sources */,
				5052BEC22584D134009CACCD /* SceneDelegate.swift in Sources */,
			);
			runOnlyForDeploymentPostprocessing = 0;
		};
		5052BECE2584D135009CACCD /* Sources */ = {
			isa = PBXSourcesBuildPhase;
			buildActionMask = 2147483647;
			files = (
				5052BED72584D135009CACCD /* CatchTheKennyTests.swift in Sources */,
			);
			runOnlyForDeploymentPostprocessing = 0;
		};
		5052BED92584D135009CACCD /* Sources */ = {
			isa = PBXSourcesBuildPhase;
			buildActionMask = 2147483647;
			files = (
				5052BEE22584D135009CACCD /* CatchTheKennyUITests.swift in Sources */,
			);
			runOnlyForDeploymentPostprocessing = 0;
		};
/* End PBXSourcesBuildPhase section */

/* Begin PBXTargetDependency section */
		5052BED42584D135009CACCD /* PBXTargetDependency */ = {
			isa = PBXTargetDependency;
			target = 5052BEBB2584D133009CACCD /* CatchTheKenny */;
			targetProxy = 5052BED32584D135009CACCD /* PBXContainerItemProxy */;
		};
		5052BEDF2584D135009CACCD /* PBXTargetDependency */ = {
			isa = PBXTargetDependency;
			target = 5052BEBB2584D133009CACCD /* CatchTheKenny */;
			targetProxy = 5052BEDE2584D135009CACCD /* PBXContainerItemProxy */;
		};
/* End PBXTargetDependency section */

/* Begin PBXVariantGroup section */
		5052BEC52584D134009CACCD /* Main.storyboard */ = {
			isa = PBXVariantGroup;
			children = (
				5052BEC62584D134009CACCD /* Base */,
			);
			name = Main.storyboard;
			sourceTree = "<group>";
		};
		5052BECA2584D134009CACCD /* LaunchScreen.storyboard */ = {
			isa = PBXVariantGroup;
			children = (
				5052BECB2584D134009CACCD /* Base */,
			);
			name = LaunchScreen.storyboard;
			sourceTree = "<group>";
		};
/* End PBXVariantGroup section */

/* Begin XCBuildConfiguration section */
		5052BEE42584D135009CACCD /* Debug */ = {
			isa = XCBuildConfiguration;
			buildSettings = {
				ALWAYS_SEARCH_USER_PATHS = NO;
				CLANG_ANALYZER_NONNULL = YES;
				CLANG_ANALYZER_NUMBER_OBJECT_CONVERSION = YES_AGGRESSIVE;
				CLANG_CXX_LANGUAGE_STANDARD = "gnu++14";
				CLANG_CXX_LIBRARY = "libc++";
				CLANG_ENABLE_MODULES = YES;
				CLANG_ENABLE_OBJC_ARC = YES;
				CLANG_ENABLE_OBJC_WEAK = YES;
				CLANG_WARN_BLOCK_CAPTURE_AUTORELEASING = YES;
				CLANG_WARN_BOOL_CONVERSION = YES;
				CLANG_WARN_COMMA = YES;
				CLANG_WARN_CONSTANT_CONVERSION = YES;
				CLANG_WARN_DEPRECATED_OBJC_IMPLEMENTATIONS = YES;
				CLANG_WARN_DIRECT_OBJC_ISA_USAGE = YES_ERROR;
				CLANG_WARN_DOCUMENTATION_COMMENTS = YES;
				CLANG_WARN_EMPTY_BODY = YES;
				CLANG_WARN_ENUM_CONVERSION = YES;
				CLANG_WARN_INFINITE_RECURSION = YES;
				CLANG_WARN_INT_CONVERSION = YES;
				CLANG_WARN_NON_LITERAL_NULL_CONVERSION = YES;
				CLANG_WARN_OBJC_IMPLICIT_RETAIN_SELF = YES;
				CLANG_WARN_OBJC_LITERAL_CONVERSION = YES;
				CLANG_WARN_OBJC_ROOT_CLASS = YES_ERROR;
				CLANG_WARN_QUOTED_INCLUDE_IN_FRAMEWORK_HEADER = YES;
				CLANG_WARN_RANGE_LOOP_ANALYSIS = YES;
				CLANG_WARN_STRICT_PROTOTYPES = YES;
				CLANG_WARN_SUSPICIOUS_MOVE = YES;
				CLANG_WARN_UNGUARDED_AVAILABILITY = YES_AGGRESSIVE;
				CLANG_WARN_UNREACHABLE_CODE = YES;
				CLANG_WARN__DUPLICATE_METHOD_MATCH = YES;
				COPY_PHASE_STRIP = NO;
				DEBUG_INFORMATION_FORMAT = dwarf;
				ENABLE_STRICT_OBJC_MSGSEND = YES;
				ENABLE_TESTABILITY = YES;
				GCC_C_LANGUAGE_STANDARD = gnu11;
				GCC_DYNAMIC_NO_PIC = NO;
				GCC_NO_COMMON_BLOCKS = YES;
				GCC_OPTIMIZATION_LEVEL = 0;
				GCC_PREPROCESSOR_DEFINITIONS = (
					"DEBUG=1",
					"$(inherited)",
				);
				GCC_WARN_64_TO_32_BIT_CONVERSION = YES;
				GCC_WARN_ABOUT_RETURN_TYPE = YES_ERROR;
				GCC_WARN_UNDECLARED_SELECTOR = YES;
				GCC_WARN_UNINITIALIZED_AUTOS = YES_AGGRESSIVE;
				GCC_WARN_UNUSED_FUNCTION = YES;
				GCC_WARN_UNUSED_VARIABLE = YES;
				IPHONEOS_DEPLOYMENT_TARGET = 14.2;
				MTL_ENABLE_DEBUG_INFO = INCLUDE_SOURCE;
				MTL_FAST_MATH = YES;
				ONLY_ACTIVE_ARCH = YES;
				SDKROOT = iphoneos;
				SWIFT_ACTIVE_COMPILATION_CONDITIONS = DEBUG;
				SWIFT_OPTIMIZATION_LEVEL = "-Onone";
			};
			name = Debug;
		};
		5052BEE52584D135009CACCD /* Release */ = {
			isa = XCBuildConfiguration;
			buildSettings = {
				ALWAYS_SEARCH_USER_PATHS = NO;
				CLANG_ANALYZER_NONNULL = YES;
				CLANG_ANALYZER_NUMBER_OBJECT_CONVERSION = YES_AGGRESSIVE;
				CLANG_CXX_LANGUAGE_STANDARD = "gnu++14";
				CLANG_CXX_LIBRARY = "libc++";
				CLANG_ENABLE_MODULES = YES;
				CLANG_ENABLE_OBJC_ARC = YES;
				CLANG_ENABLE_OBJC_WEAK = YES;
				CLANG_WARN_BLOCK_CAPTURE_AUTORELEASING = YES;
				CLANG_WARN_BOOL_CONVERSION = YES;
				CLANG_WARN_COMMA = YES;
				CLANG_WARN_CONSTANT_CONVERSION = YES;
				CLANG_WARN_DEPRECATED_OBJC_IMPLEMENTATIONS = YES;
				CLANG_WARN_DIRECT_OBJC_ISA_USAGE = YES_ERROR;
				CLANG_WARN_DOCUMENTATION_COMMENTS = YES;
				CLANG_WARN_EMPTY_BODY = YES;
				CLANG_WARN_ENUM_CONVERSION = YES;
				CLANG_WARN_INFINITE_RECURSION = YES;
				CLANG_WARN_INT_CONVERSION = YES;
				CLANG_WARN_NON_LITERAL_NULL_CONVERSION = YES;
				CLANG_WARN_OBJC_IMPLICIT_RETAIN_SELF = YES;
				CLANG_WARN_OBJC_LITERAL_CONVERSION = YES;
				CLANG_WARN_OBJC_ROOT_CLASS = YES_ERROR;
				CLANG_WARN_QUOTED_INCLUDE_IN_FRAMEWORK_HEADER = YES;
				CLANG_WARN_RANGE_LOOP_ANALYSIS = YES;
				CLANG_WARN_STRICT_PROTOTYPES = YES;
				CLANG_WARN_SUSPICIOUS_MOVE = YES;
				CLANG_WARN_UNGUARDED_AVAILABILITY = YES_AGGRESSIVE;
				CLANG_WARN_UNREACHABLE_CODE = YES;
				CLANG_WARN__DUPLICATE_METHOD_MATCH = YES;
				COPY_PHASE_STRIP = NO;
				DEBUG_INFORMATION_FORMAT = "dwarf-with-dsym";
				ENABLE_NS_ASSERTIONS = NO;
				ENABLE_STRICT_OBJC_MSGSEND = YES;
				GCC_C_LANGUAGE_STANDARD = gnu11;
				GCC_NO_COMMON_BLOCKS = YES;
				GCC_WARN_64_TO_32_BIT_CONVERSION = YES;
				GCC_WARN_ABOUT_RETURN_TYPE = YES_ERROR;
				GCC_WARN_UNDECLARED_SELECTOR = YES;
				GCC_WARN_UNINITIALIZED_AUTOS = YES_AGGRESSIVE;
				GCC_WARN_UNUSED_FUNCTION = YES;
				GCC_WARN_UNUSED_VARIABLE = YES;
				IPHONEOS_DEPLOYMENT_TARGET = 14.2;
				MTL_ENABLE_DEBUG_INFO = NO;
				MTL_FAST_MATH = YES;
				SDKROOT = iphoneos;
				SWIFT_COMPILATION_MODE = wholemodule;
				SWIFT_OPTIMIZATION_LEVEL = "-O";
				VALIDATE_PRODUCT = YES;
			};
			name = Release;
		};
		5052BEE72584D135009CACCD /* Debug */ = {
			isa = XCBuildConfiguration;
			buildSettings = {
				ASSETCATALOG_COMPILER_APPICON_NAME = AppIcon;
				ASSETCATALOG_COMPILER_GLOBAL_ACCENT_COLOR_NAME = AccentColor;
				CODE_SIGN_STYLE = Automatic;
				DEVELOPMENT_TEAM = 2RHCXLB7L9;
				INFOPLIST_FILE = CatchTheKenny/Info.plist;
				LD_RUNPATH_SEARCH_PATHS = (
					"$(inherited)",
					"@executable_path/Frameworks",
				);
				PRODUCT_BUNDLE_IDENTIFIER = com.keremcubuk.CatchTheKenny;
				PRODUCT_NAME = "$(TARGET_NAME)";
				SWIFT_VERSION = 5.0;
				TARGETED_DEVICE_FAMILY = "1,2";
			};
			name = Debug;
		};
		5052BEE82584D135009CACCD /* Release */ = {
			isa = XCBuildConfiguration;
			buildSettings = {
				ASSETCATALOG_COMPILER_APPICON_NAME = AppIcon;
				ASSETCATALOG_COMPILER_GLOBAL_ACCENT_COLOR_NAME = AccentColor;
				CODE_SIGN_STYLE = Automatic;
				DEVELOPMENT_TEAM = 2RHCXLB7L9;
				INFOPLIST_FILE = CatchTheKenny/Info.plist;
				LD_RUNPATH_SEARCH_PATHS = (
					"$(inherited)",
					"@executable_path/Frameworks",
				);
				PRODUCT_BUNDLE_IDENTIFIER = com.keremcubuk.CatchTheKenny;
				PRODUCT_NAME = "$(TARGET_NAME)";
				SWIFT_VERSION = 5.0;
				TARGETED_DEVICE_FAMILY = "1,2";
			};
			name = Release;
		};
		5052BEEA2584D135009CACCD /* Debug */ = {
			isa = XCBuildConfiguration;
			buildSettings = {
				ALWAYS_EMBED_SWIFT_STANDARD_LIBRARIES = YES;
				BUNDLE_LOADER = "$(TEST_HOST)";
				CODE_SIGN_STYLE = Automatic;
				DEVELOPMENT_TEAM = 2RHCXLB7L9;
				INFOPLIST_FILE = CatchTheKennyTests/Info.plist;
				IPHONEOS_DEPLOYMENT_TARGET = 14.2;
				LD_RUNPATH_SEARCH_PATHS = (
					"$(inherited)",
					"@executable_path/Frameworks",
					"@loader_path/Frameworks",
				);
				PRODUCT_BUNDLE_IDENTIFIER = com.keremcubuk.CatchTheKennyTests;
				PRODUCT_NAME = "$(TARGET_NAME)";
				SWIFT_VERSION = 5.0;
				TARGETED_DEVICE_FAMILY = "1,2";
				TEST_HOST = "$(BUILT_PRODUCTS_DIR)/CatchTheKenny.app/CatchTheKenny";
			};
			name = Debug;
		};
		5052BEEB2584D135009CACCD /* Release */ = {
			isa = XCBuildConfiguration;
			buildSettings = {
				ALWAYS_EMBED_SWIFT_STANDARD_LIBRARIES = YES;
				BUNDLE_LOADER = "$(TEST_HOST)";
				CODE_SIGN_STYLE = Automatic;
				DEVELOPMENT_TEAM = 2RHCXLB7L9;
				INFOPLIST_FILE = CatchTheKennyTests/Info.plist;
				IPHONEOS_DEPLOYMENT_TARGET = 14.2;
				LD_RUNPATH_SEARCH_PATHS = (
					"$(inherited)",
					"@executable_path/Frameworks",
					"@loader_path/Frameworks",
				);
				PRODUCT_BUNDLE_IDENTIFIER = com.keremcubuk.CatchTheKennyTests;
				PRODUCT_NAME = "$(TARGET_NAME)";
				SWIFT_VERSION = 5.0;
				TARGETED_DEVICE_FAMILY = "1,2";
				TEST_HOST = "$(BUILT_PRODUCTS_DIR)/CatchTheKenny.app/CatchTheKenny";
			};
			name = Release;
		};
		5052BEED2584D135009CACCD /* Debug */ = {
			isa = XCBuildConfiguration;
			buildSettings = {
				ALWAYS_EMBED_SWIFT_STANDARD_LIBRARIES = YES;
				CODE_SIGN_STYLE = Automatic;
				DEVELOPMENT_TEAM = 2RHCXLB7L9;
				INFOPLIST_FILE = CatchTheKennyUITests/Info.plist;
				LD_RUNPATH_SEARCH_PATHS = (
					"$(inherited)",
					"@executable_path/Frameworks",
					"@loader_path/Frameworks",
				);
				PRODUCT_BUNDLE_IDENTIFIER = com.keremcubuk.CatchTheKennyUITests;
				PRODUCT_NAME = "$(TARGET_NAME)";
				SWIFT_VERSION = 5.0;
				TARGETED_DEVICE_FAMILY = "1,2";
				TEST_TARGET_NAME = CatchTheKenny;
			};
			name = Debug;
		};
		5052BEEE2584D135009CACCD /* Release */ = {
			isa = XCBuildConfiguration;
			buildSettings = {
				ALWAYS_EMBED_SWIFT_STANDARD_LIBRARIES = YES;
				CODE_SIGN_STYLE = Automatic;
				DEVELOPMENT_TEAM = 2RHCXLB7L9;
				INFOPLIST_FILE = CatchTheKennyUITests/Info.plist;
				LD_RUNPATH_SEARCH_PATHS = (
					"$(inherited)",
					"@executable_path/Frameworks",
					"@loader_path/Frameworks",
				);
				PRODUCT_BUNDLE_IDENTIFIER = com.keremcubuk.CatchTheKennyUITests;
				PRODUCT_NAME = "$(TARGET_NAME)";
				SWIFT_VERSION = 5.0;
				TARGETED_DEVICE_FAMILY = "1,2";
				TEST_TARGET_NAME = CatchTheKenny;
			};
			name = Release;
		};
/* End XCBuildConfiguration section */

/* Begin XCConfigurationList section */
		5052BEB72584D133009CACCD /* Build configuration list for PBXProject "CatchTheKenny" */ = {
			isa = XCConfigurationList;
			buildConfigurations = (
				5052BEE42584D135009CACCD /* Debug */,
				5052BEE52584D135009CACCD /* Release */,
			);
			defaultConfigurationIsVisible = 0;
			defaultConfigurationName = Release;
		};
		5052BEE62584D135009CACCD /* Build configuration list for PBXNativeTarget "CatchTheKenny" */ = {
			isa = XCConfigurationList;
			buildConfigurations = (
				5052BEE72584D135009CACCD /* Debug */,
				5052BEE82584D135009CACCD /* Release */,
			);
			defaultConfigurationIsVisible = 0;
			defaultConfigurationName = Release;
		};
		5052BEE92584D135009CACCD /* Build configuration list for PBXNativeTarget "CatchTheKennyTests" */ = {
			isa = XCConfigurationList;
			buildConfigurations = (
				5052BEEA2584D135009CACCD /* Debug */,
				5052BEEB2584D135009CACCD /* Release */,
			);
			defaultConfigurationIsVisible = 0;
			defaultConfigurationName = Release;
		};
		5052BEEC2584D135009CACCD /* Build configuration list for PBXNativeTarget "CatchTheKennyUITests" */ = {
			isa = XCConfigurationList;
			buildConfigurations = (
				5052BEED2584D135009CACCD /* Debug */,
				5052BEEE2584D135009CACCD /* Release */,
			);
			defaultConfigurationIsVisible = 0;
			defaultConfigurationName = Release;
		};
/* End XCConfigurationList section */
	};
	rootObject = 5052BEB42584D133009CACCD /* Project object */;
}
